// !$*UTF8*$!
{
	archiveVersion = 1;
	classes = {
	};
	objectVersion = 50;
	objects = {

/* Begin PBXBuildFile section */
		11C05B1323BA55070039A45D /* AppDelegate.swift in Sources */ = {isa = PBXBuildFile; fileRef = 11C05B1223BA55070039A45D /* AppDelegate.swift */; };
		11C05B1523BA55070039A45D /* SceneDelegate.swift in Sources */ = {isa = PBXBuildFile; fileRef = 11C05B1423BA55070039A45D /* SceneDelegate.swift */; };
		11C05B1723BA55070039A45D /* ViewController.swift in Sources */ = {isa = PBXBuildFile; fileRef = 11C05B1623BA55070039A45D /* ViewController.swift */; };
		11C05B1A23BA55070039A45D /* Main.storyboard in Resources */ = {isa = PBXBuildFile; fileRef = 11C05B1823BA55070039A45D /* Main.storyboard */; };
		11C05B1C23BA550A0039A45D /* Assets.xcassets in Resources */ = {isa = PBXBuildFile; fileRef = 11C05B1B23BA550A0039A45D /* Assets.xcassets */; };
		11C05B1F23BA550A0039A45D /* LaunchScreen.storyboard in Resources */ = {isa = PBXBuildFile; fileRef = 11C05B1D23BA550A0039A45D /* LaunchScreen.storyboard */; };
		11C05B2A23BA593E0039A45D /* ImageUtilsWrapper.mm in Sources */ = {isa = PBXBuildFile; fileRef = 11C05B2923BA593E0039A45D /* ImageUtilsWrapper.mm */; };
		11C05B3023BA59DC0039A45D /* ImageUtils.mm in Sources */ = {isa = PBXBuildFile; fileRef = 11C05B2F23BA59DC0039A45D /* ImageUtils.mm */; };
		11C05B3423BA5D2B0039A45D /* colorization_deploy_v2.prototxt in Resources */ = {isa = PBXBuildFile; fileRef = 11C05B3223BA5D250039A45D /* colorization_deploy_v2.prototxt */; };
		11C05B3523BA5D2B0039A45D /* colorization_release_v2.caffemodel in Resources */ = {isa = PBXBuildFile; fileRef = 11C05B3323BA5D2B0039A45D /* colorization_release_v2.caffemodel */; };
		11C05B4623BB86A50039A45D /* opencv2.framework in Frameworks */ = {isa = PBXBuildFile; fileRef = 11C05B4523BB86A50039A45D /* opencv2.framework */; };
/* End PBXBuildFile section */

/* Begin PBXFileReference section */
		11C05B0F23BA55070039A45D /* Colorizer.app */ = {isa = PBXFileReference; explicitFileType = wrapper.application; includeInIndex = 0; path = Colorizer.app; sourceTree = BUILT_PRODUCTS_DIR; };
		11C05B1223BA55070039A45D /* AppDelegate.swift */ = {isa = PBXFileReference; lastKnownFileType = sourcecode.swift; path = AppDelegate.swift; sourceTree = "<group>"; };
		11C05B1423BA55070039A45D /* SceneDelegate.swift */ = {isa = PBXFileReference; lastKnownFileType = sourcecode.swift; path = SceneDelegate.swift; sourceTree = "<group>"; };
		11C05B1623BA55070039A45D /* ViewController.swift */ = {isa = PBXFileReference; lastKnownFileType = sourcecode.swift; path = ViewController.swift; sourceTree = "<group>"; };
		11C05B1923BA55070039A45D /* Base */ = {isa = PBXFileReference; lastKnownFileType = file.storyboard; name = Base; path = Base.lproj/Main.storyboard; sourceTree = "<group>"; };
		11C05B1B23BA550A0039A45D /* Assets.xcassets */ = {isa = PBXFileReference; lastKnownFileType = folder.assetcatalog; path = Assets.xcassets; sourceTree = "<group>"; };
		11C05B1E23BA550A0039A45D /* Base */ = {isa = PBXFileReference; lastKnownFileType = file.storyboard; name = Base; path = Base.lproj/LaunchScreen.storyboard; sourceTree = "<group>"; };
		11C05B2023BA550A0039A45D /* Info.plist */ = {isa = PBXFileReference; lastKnownFileType = text.plist.xml; path = Info.plist; sourceTree = "<group>"; };
		11C05B2823BA593E0039A45D /* Colorizer_iOS-Bridging-Header.h */ = {isa = PBXFileReference; lastKnownFileType = sourcecode.c.h; path = "Colorizer_iOS-Bridging-Header.h"; sourceTree = "<group>"; };
		11C05B2923BA593E0039A45D /* ImageUtilsWrapper.mm */ = {isa = PBXFileReference; lastKnownFileType = sourcecode.cpp.objcpp; path = ImageUtilsWrapper.mm; sourceTree = "<group>"; };
		11C05B2B23BA597E0039A45D /* ImageUtilsWrapper.hpp */ = {isa = PBXFileReference; lastKnownFileType = sourcecode.cpp.h; path = ImageUtilsWrapper.hpp; sourceTree = "<group>"; };
		11C05B2F23BA59DC0039A45D /* ImageUtils.mm */ = {isa = PBXFileReference; lastKnownFileType = sourcecode.cpp.objcpp; path = ImageUtils.mm; sourceTree = "<group>"; };
		11C05B3123BA59F00039A45D /* ImageUtils.hpp */ = {isa = PBXFileReference; lastKnownFileType = sourcecode.cpp.h; path = ImageUtils.hpp; sourceTree = "<group>"; };
		11C05B3223BA5D250039A45D /* colorization_deploy_v2.prototxt */ = {isa = PBXFileReference; fileEncoding = 4; lastKnownFileType = text; path = colorization_deploy_v2.prototxt; sourceTree = "<group>"; };
		11C05B3323BA5D2B0039A45D /* colorization_release_v2.caffemodel */ = {isa = PBXFileReference; lastKnownFileType = file; path = colorization_release_v2.caffemodel; sourceTree = "<group>"; };
		11C05B4523BB86A50039A45D /* opencv2.framework */ = {isa = PBXFileReference; lastKnownFileType = wrapper.framework; path = opencv2.framework; sourceTree = "<group>"; };
/* End PBXFileReference section */

/* Begin PBXFrameworksBuildPhase section */
		11C05B0C23BA55070039A45D /* Frameworks */ = {
			isa = PBXFrameworksBuildPhase;
			buildActionMask = 2147483647;
			files = (
				11C05B4623BB86A50039A45D /* opencv2.framework in Frameworks */,
			);
			runOnlyForDeploymentPostprocessing = 0;
		};
/* End PBXFrameworksBuildPhase section */

/* Begin PBXGroup section */
		11C05B0623BA55070039A45D = {
			isa = PBXGroup;
			children = (
				11C05B3223BA5D250039A45D /* colorization_deploy_v2.prototxt */,
				11C05B3323BA5D2B0039A45D /* colorization_release_v2.caffemodel */,
				11C05B1123BA55070039A45D /* Colorizer_iOS */,
				11C05B1023BA55070039A45D /* Products */,
			);
			sourceTree = "<group>";
		};
		11C05B1023BA55070039A45D /* Products */ = {
			isa = PBXGroup;
			children = (
				11C05B0F23BA55070039A45D /* Colorizer.app */,
			);
			name = Products;
			sourceTree = "<group>";
		};
		11C05B1123BA55070039A45D /* Colorizer_iOS */ = {
			isa = PBXGroup;
			children = (
				11C05B4523BB86A50039A45D /* opencv2.framework */,
				11C05B2823BA593E0039A45D /* Colorizer_iOS-Bridging-Header.h */,
				11C05B1223BA55070039A45D /* AppDelegate.swift */,
				11C05B1B23BA550A0039A45D /* Assets.xcassets */,
				11C05B3123BA59F00039A45D /* ImageUtils.hpp */,
				11C05B2F23BA59DC0039A45D /* ImageUtils.mm */,
				11C05B2B23BA597E0039A45D /* ImageUtilsWrapper.hpp */,
				11C05B2923BA593E0039A45D /* ImageUtilsWrapper.mm */,
				11C05B2023BA550A0039A45D /* Info.plist */,
				11C05B1D23BA550A0039A45D /* LaunchScreen.storyboard */,
				11C05B1823BA55070039A45D /* Main.storyboard */,
				11C05B1423BA55070039A45D /* SceneDelegate.swift */,
				11C05B1623BA55070039A45D /* ViewController.swift */,
			);
			path = Colorizer_iOS;
			sourceTree = "<group>";
		};
/* End PBXGroup section */

/* Begin PBXNativeTarget section */
		11C05B0E23BA55070039A45D /* Colorizer_iOS */ = {
			isa = PBXNativeTarget;
			buildConfigurationList = 11C05B2323BA550A0039A45D /* Build configuration list for PBXNativeTarget "Colorizer_iOS" */;
			buildPhases = (
				11C05B0B23BA55070039A45D /* Sources */,
				11C05B0C23BA55070039A45D /* Frameworks */,
				11C05B0D23BA55070039A45D /* Resources */,
			);
			buildRules = (
			);
			dependencies = (
			);
			name = Colorizer_iOS;
			productName = Colorizer_iOS;
			productReference = 11C05B0F23BA55070039A45D /* Colorizer.app */;
			productType = "com.apple.product-type.application";
		};
/* End PBXNativeTarget section */

/* Begin PBXProject section */
		11C05B0723BA55070039A45D /* Project object */ = {
			isa = PBXProject;
			attributes = {
				LastSwiftUpdateCheck = 1130;
				LastUpgradeCheck = 1130;
				ORGANIZATIONNAME = "Alexander Karlsson";
				TargetAttributes = {
					11C05B0E23BA55070039A45D = {
						CreatedOnToolsVersion = 11.3;
						LastSwiftMigration = 1130;
					};
				};
			};
			buildConfigurationList = 11C05B0A23BA55070039A45D /* Build configuration list for PBXProject "Colorizer_iOS" */;
			compatibilityVersion = "Xcode 9.3";
			developmentRegion = en;
			hasScannedForEncodings = 0;
			knownRegions = (
				en,
				Base,
			);
			mainGroup = 11C05B0623BA55070039A45D;
			productRefGroup = 11C05B1023BA55070039A45D /* Products */;
			projectDirPath = "";
			projectRoot = "";
			targets = (
				11C05B0E23BA55070039A45D /* Colorizer_iOS */,
			);
		};
/* End PBXProject section */

/* Begin PBXResourcesBuildPhase section */
		11C05B0D23BA55070039A45D /* Resources */ = {
			isa = PBXResourcesBuildPhase;
			buildActionMask = 2147483647;
			files = (
				11C05B1F23BA550A0039A45D /* LaunchScreen.storyboard in Resources */,
				11C05B3423BA5D2B0039A45D /* colorization_deploy_v2.prototxt in Resources */,
				11C05B3523BA5D2B0039A45D /* colorization_release_v2.caffemodel in Resources */,
				11C05B1C23BA550A0039A45D /* Assets.xcassets in Resources */,
				11C05B1A23BA55070039A45D /* Main.storyboard in Resources */,
			);
			runOnlyForDeploymentPostprocessing = 0;
		};
/* End PBXResourcesBuildPhase section */

/* Begin PBXSourcesBuildPhase section */
		11C05B0B23BA55070039A45D /* Sources */ = {
			isa = PBXSourcesBuildPhase;
			buildActionMask = 2147483647;
			files = (
				11C05B1723BA55070039A45D /* ViewController.swift in Sources */,
				11C05B1323BA55070039A45D /* AppDelegate.swift in Sources */,
				11C05B1523BA55070039A45D /* SceneDelegate.swift in Sources */,
				11C05B3023BA59DC0039A45D /* ImageUtils.mm in Sources */,
				11C05B2A23BA593E0039A45D /* ImageUtilsWrapper.mm in Sources */,
			);
			runOnlyForDeploymentPostprocessing = 0;
		};
/* End PBXSourcesBuildPhase section */

/* Begin PBXVariantGroup section */
		11C05B1823BA55070039A45D /* Main.storyboard */ = {
			isa = PBXVariantGroup;
			children = (
				11C05B1923BA55070039A45D /* Base */,
			);
			name = Main.storyboard;
			sourceTree = "<group>";
		};
		11C05B1D23BA550A0039A45D /* LaunchScreen.storyboard */ = {
			isa = PBXVariantGroup;
			children = (
				11C05B1E23BA550A0039A45D /* Base */,
			);
			name = LaunchScreen.storyboard;
			sourceTree = "<group>";
		};
/* End PBXVariantGroup section */

/* Begin XCBuildConfiguration section */
		11C05B2123BA550A0039A45D /* Debug */ = {
			isa = XCBuildConfiguration;
			buildSettings = {
				ALWAYS_SEARCH_USER_PATHS = NO;
				CLANG_ANALYZER_NONNULL = YES;
				CLANG_ANALYZER_NUMBER_OBJECT_CONVERSION = YES_AGGRESSIVE;
				CLANG_CXX_LANGUAGE_STANDARD = "gnu++14";
				CLANG_CXX_LIBRARY = "libc++";
				CLANG_ENABLE_MODULES = YES;
				CLANG_ENABLE_OBJC_ARC = YES;
				CLANG_ENABLE_OBJC_WEAK = YES;
				CLANG_WARN_BLOCK_CAPTURE_AUTORELEASING = YES;
				CLANG_WARN_BOOL_CONVERSION = YES;
				CLANG_WARN_COMMA = YES;
				CLANG_WARN_CONSTANT_CONVERSION = YES;
				CLANG_WARN_DEPRECATED_OBJC_IMPLEMENTATIONS = YES;
				CLANG_WARN_DIRECT_OBJC_ISA_USAGE = YES_ERROR;
				CLANG_WARN_DOCUMENTATION_COMMENTS = YES;
				CLANG_WARN_EMPTY_BODY = YES;
				CLANG_WARN_ENUM_CONVERSION = YES;
				CLANG_WARN_INFINITE_RECURSION = YES;
				CLANG_WARN_INT_CONVERSION = YES;
				CLANG_WARN_NON_LITERAL_NULL_CONVERSION = YES;
				CLANG_WARN_OBJC_IMPLICIT_RETAIN_SELF = YES;
				CLANG_WARN_OBJC_LITERAL_CONVERSION = YES;
				CLANG_WARN_OBJC_ROOT_CLASS = YES_ERROR;
				CLANG_WARN_RANGE_LOOP_ANALYSIS = YES;
				CLANG_WARN_STRICT_PROTOTYPES = YES;
				CLANG_WARN_SUSPICIOUS_MOVE = YES;
				CLANG_WARN_UNGUARDED_AVAILABILITY = YES_AGGRESSIVE;
				CLANG_WARN_UNREACHABLE_CODE = YES;
				CLANG_WARN__DUPLICATE_METHOD_MATCH = YES;
				COPY_PHASE_STRIP = NO;
				DEBUG_INFORMATION_FORMAT = dwarf;
				ENABLE_STRICT_OBJC_MSGSEND = YES;
				ENABLE_TESTABILITY = YES;
				GCC_C_LANGUAGE_STANDARD = gnu11;
				GCC_DYNAMIC_NO_PIC = NO;
				GCC_NO_COMMON_BLOCKS = YES;
				GCC_OPTIMIZATION_LEVEL = 0;
				GCC_PREPROCESSOR_DEFINITIONS = (
					"DEBUG=1",
					"$(inherited)",
				);
				GCC_WARN_64_TO_32_BIT_CONVERSION = YES;
				GCC_WARN_ABOUT_RETURN_TYPE = YES_ERROR;
				GCC_WARN_UNDECLARED_SELECTOR = YES;
				GCC_WARN_UNINITIALIZED_AUTOS = YES_AGGRESSIVE;
				GCC_WARN_UNUSED_FUNCTION = YES;
				GCC_WARN_UNUSED_VARIABLE = YES;
				IPHONEOS_DEPLOYMENT_TARGET = 13.2;
				MTL_ENABLE_DEBUG_INFO = INCLUDE_SOURCE;
				MTL_FAST_MATH = YES;
				ONLY_ACTIVE_ARCH = YES;
				SDKROOT = iphoneos;
				SWIFT_ACTIVE_COMPILATION_CONDITIONS = DEBUG;
				SWIFT_OPTIMIZATION_LEVEL = "-Onone";
			};
			name = Debug;
		};
		11C05B2223BA550A0039A45D /* Release */ = {
			isa = XCBuildConfiguration;
			buildSettings = {
				ALWAYS_SEARCH_USER_PATHS = NO;
				CLANG_ANALYZER_NONNULL = YES;
				CLANG_ANALYZER_NUMBER_OBJECT_CONVERSION = YES_AGGRESSIVE;
				CLANG_CXX_LANGUAGE_STANDARD = "gnu++14";
				CLANG_CXX_LIBRARY = "libc++";
				CLANG_ENABLE_MODULES = YES;
				CLANG_ENABLE_OBJC_ARC = YES;
				CLANG_ENABLE_OBJC_WEAK = YES;
				CLANG_WARN_BLOCK_CAPTURE_AUTORELEASING = YES;
				CLANG_WARN_BOOL_CONVERSION = YES;
				CLANG_WARN_COMMA = YES;
				CLANG_WARN_CONSTANT_CONVERSION = YES;
				CLANG_WARN_DEPRECATED_OBJC_IMPLEMENTATIONS = YES;
				CLANG_WARN_DIRECT_OBJC_ISA_USAGE = YES_ERROR;
				CLANG_WARN_DOCUMENTATION_COMMENTS = YES;
				CLANG_WARN_EMPTY_BODY = YES;
				CLANG_WARN_ENUM_CONVERSION = YES;
				CLANG_WARN_INFINITE_RECURSION = YES;
				CLANG_WARN_INT_CONVERSION = YES;
				CLANG_WARN_NON_LITERAL_NULL_CONVERSION = YES;
				CLANG_WARN_OBJC_IMPLICIT_RETAIN_SELF = YES;
				CLANG_WARN_OBJC_LITERAL_CONVERSION = YES;
				CLANG_WARN_OBJC_ROOT_CLASS = YES_ERROR;
				CLANG_WARN_RANGE_LOOP_ANALYSIS = YES;
				CLANG_WARN_STRICT_PROTOTYPES = YES;
				CLANG_WARN_SUSPICIOUS_MOVE = YES;
				CLANG_WARN_UNGUARDED_AVAILABILITY = YES_AGGRESSIVE;
				CLANG_WARN_UNREACHABLE_CODE = YES;
				CLANG_WARN__DUPLICATE_METHOD_MATCH = YES;
				COPY_PHASE_STRIP = NO;
				DEBUG_INFORMATION_FORMAT = "dwarf-with-dsym";
				ENABLE_NS_ASSERTIONS = NO;
				ENABLE_STRICT_OBJC_MSGSEND = YES;
				GCC_C_LANGUAGE_STANDARD = gnu11;
				GCC_NO_COMMON_BLOCKS = YES;
				GCC_WARN_64_TO_32_BIT_CONVERSION = YES;
				GCC_WARN_ABOUT_RETURN_TYPE = YES_ERROR;
				GCC_WARN_UNDECLARED_SELECTOR = YES;
				GCC_WARN_UNINITIALIZED_AUTOS = YES_AGGRESSIVE;
				GCC_WARN_UNUSED_FUNCTION = YES;
				GCC_WARN_UNUSED_VARIABLE = YES;
				IPHONEOS_DEPLOYMENT_TARGET = 13.2;
				MTL_ENABLE_DEBUG_INFO = NO;
				MTL_FAST_MATH = YES;
				SDKROOT = iphoneos;
				SWIFT_COMPILATION_MODE = wholemodule;
				SWIFT_OPTIMIZATION_LEVEL = "-O";
				VALIDATE_PRODUCT = YES;
			};
			name = Release;
		};
		11C05B2423BA550A0039A45D /* Debug */ = {
			isa = XCBuildConfiguration;
			buildSettings = {
				ASSETCATALOG_COMPILER_APPICON_NAME = AppIcon;
				CLANG_ENABLE_MODULES = YES;
				CODE_SIGN_STYLE = Automatic;
				DEVELOPMENT_TEAM = DQ7G768LPT;
				FRAMEWORK_SEARCH_PATHS = (
					"$(inherited)",
					"$(PROJECT_DIR)/Colorizer_iOS",
				);
				INFOPLIST_FILE = Colorizer_iOS/Info.plist;
				LD_RUNPATH_SEARCH_PATHS = (
					"$(inherited)",
					"@executable_path/Frameworks",
				);
				PRODUCT_BUNDLE_IDENTIFIER = "com.alex.Colorizer-iOS";
				PRODUCT_NAME = Colorizer;
				SWIFT_OBJC_BRIDGING_HEADER = "Colorizer_iOS/Colorizer_iOS-Bridging-Header.h";
				SWIFT_OPTIMIZATION_LEVEL = "-Onone";
				SWIFT_VERSION = 5.0;
				TARGETED_DEVICE_FAMILY = "1,2";
			};
			name = Debug;
		};
		11C05B2523BA550A0039A45D /* Release */ = {
			isa = XCBuildConfiguration;
			buildSettings = {
				ASSETCATALOG_COMPILER_APPICON_NAME = AppIcon;
				CLANG_ENABLE_MODULES = YES;
				CODE_SIGN_STYLE = Automatic;
				DEVELOPMENT_TEAM = DQ7G768LPT;
				FRAMEWORK_SEARCH_PATHS = (
					"$(inherited)",
					"$(PROJECT_DIR)/Colorizer_iOS",
				);
				INFOPLIST_FILE = Colorizer_iOS/Info.plist;
				LD_RUNPATH_SEARCH_PATHS = (
					"$(inherited)",
					"@executable_path/Frameworks",
				);
				PRODUCT_BUNDLE_IDENTIFIER = "com.alex.Colorizer-iOS";
				PRODUCT_NAME = Colorizer;
				SWIFT_OBJC_BRIDGING_HEADER = "Colorizer_iOS/Colorizer_iOS-Bridging-Header.h";
				SWIFT_VERSION = 5.0;
				TARGETED_DEVICE_FAMILY = "1,2";
			};
			name = Release;
		};
/* End XCBuildConfiguration section */

/* Begin XCConfigurationList section */
		11C05B0A23BA55070039A45D /* Build configuration list for PBXProject "Colorizer_iOS" */ = {
			isa = XCConfigurationList;
			buildConfigurations = (
				11C05B2123BA550A0039A45D /* Debug */,
				11C05B2223BA550A0039A45D /* Release */,
			);
			defaultConfigurationIsVisible = 0;
			defaultConfigurationName = Release;
		};
		11C05B2323BA550A0039A45D /* Build configuration list for PBXNativeTarget "Colorizer_iOS" */ = {
			isa = XCConfigurationList;
			buildConfigurations = (
				11C05B2423BA550A0039A45D /* Debug */,
				11C05B2523BA550A0039A45D /* Release */,
			);
			defaultConfigurationIsVisible = 0;
			defaultConfigurationName = Release;
		};
/* End XCConfigurationList section */
	};
	rootObject = 11C05B0723BA55070039A45D /* Project object */;
}
